// !$*UTF8*$!
{
	archiveVersion = 1;
	classes = {
	};
	objectVersion = 50;
	objects = {

/* Begin PBXBuildFile section */
		9F17FF6F237E9E9100D4C2C0 /* AppDelegate.swift in Sources */ = {isa = PBXBuildFile; fileRef = 9F17FF6E237E9E9100D4C2C0 /* AppDelegate.swift */; };
		9F17FF71237E9E9100D4C2C0 /* SceneDelegate.swift in Sources */ = {isa = PBXBuildFile; fileRef = 9F17FF70237E9E9100D4C2C0 /* SceneDelegate.swift */; };
		9F17FF73237E9E9100D4C2C0 /* ViewController.swift in Sources */ = {isa = PBXBuildFile; fileRef = 9F17FF72237E9E9100D4C2C0 /* ViewController.swift */; };
		9F17FF76237E9E9100D4C2C0 /* Main.storyboard in Resources */ = {isa = PBXBuildFile; fileRef = 9F17FF74237E9E9100D4C2C0 /* Main.storyboard */; };
		9F17FF78237E9E9500D4C2C0 /* Assets.xcassets in Resources */ = {isa = PBXBuildFile; fileRef = 9F17FF77237E9E9500D4C2C0 /* Assets.xcassets */; };
		9F17FF7B237E9E9500D4C2C0 /* LaunchScreen.storyboard in Resources */ = {isa = PBXBuildFile; fileRef = 9F17FF79237E9E9500D4C2C0 /* LaunchScreen.storyboard */; };
		9F17FF8F237E9ED000D4C2C0 /* TagEditorCollectionViewCell.xib in Resources */ = {isa = PBXBuildFile; fileRef = 9F17FF83237E9ED000D4C2C0 /* TagEditorCollectionViewCell.xib */; };
		9F17FF90237E9ED000D4C2C0 /* TaggerCollectionView.swift in Sources */ = {isa = PBXBuildFile; fileRef = 9F17FF84237E9ED000D4C2C0 /* TaggerCollectionView.swift */; };
		9F17FF91237E9ED000D4C2C0 /* TagLayout.swift in Sources */ = {isa = PBXBuildFile; fileRef = 9F17FF85237E9ED000D4C2C0 /* TagLayout.swift */; };
		9F17FF92237E9ED000D4C2C0 /* TagCollectionViewCell.swift in Sources */ = {isa = PBXBuildFile; fileRef = 9F17FF86237E9ED000D4C2C0 /* TagCollectionViewCell.swift */; };
		9F17FF93237E9ED000D4C2C0 /* UIViewExtensions.swift in Sources */ = {isa = PBXBuildFile; fileRef = 9F17FF87237E9ED000D4C2C0 /* UIViewExtensions.swift */; };
		9F17FF94237E9ED000D4C2C0 /* TaggerCollectionView.xib in Resources */ = {isa = PBXBuildFile; fileRef = 9F17FF88237E9ED000D4C2C0 /* TaggerCollectionView.xib */; };
		9F17FF95237E9ED000D4C2C0 /* StringExtension.swift in Sources */ = {isa = PBXBuildFile; fileRef = 9F17FF89237E9ED000D4C2C0 /* StringExtension.swift */; };
		9F17FF96237E9ED000D4C2C0 /* TagCollectionViewCell.xib in Resources */ = {isa = PBXBuildFile; fileRef = 9F17FF8A237E9ED000D4C2C0 /* TagCollectionViewCell.xib */; };
		9F17FF97237E9ED000D4C2C0 /* Tag.swift in Sources */ = {isa = PBXBuildFile; fileRef = 9F17FF8B237E9ED000D4C2C0 /* Tag.swift */; };
		9F17FF98237E9ED000D4C2C0 /* TagEditorCollectionViewCell.swift in Sources */ = {isa = PBXBuildFile; fileRef = 9F17FF8C237E9ED000D4C2C0 /* TagEditorCollectionViewCell.swift */; };
		9F17FF99237E9ED000D4C2C0 /* Constraints.swift in Sources */ = {isa = PBXBuildFile; fileRef = 9F17FF8D237E9ED000D4C2C0 /* Constraints.swift */; };
		9F17FF9A237E9ED000D4C2C0 /* user.png in Resources */ = {isa = PBXBuildFile; fileRef = 9F17FF8E237E9ED000D4C2C0 /* user.png */; };
/* End PBXBuildFile section */

/* Begin PBXFileReference section */
		9F17FF6B237E9E9100D4C2C0 /* Tag_Basic.app */ = {isa = PBXFileReference; explicitFileType = wrapper.application; includeInIndex = 0; path = Tag_Basic.app; sourceTree = BUILT_PRODUCTS_DIR; };
		9F17FF6E237E9E9100D4C2C0 /* AppDelegate.swift */ = {isa = PBXFileReference; lastKnownFileType = sourcecode.swift; path = AppDelegate.swift; sourceTree = "<group>"; };
		9F17FF70237E9E9100D4C2C0 /* SceneDelegate.swift */ = {isa = PBXFileReference; lastKnownFileType = sourcecode.swift; path = SceneDelegate.swift; sourceTree = "<group>"; };
		9F17FF72237E9E9100D4C2C0 /* ViewController.swift */ = {isa = PBXFileReference; lastKnownFileType = sourcecode.swift; path = ViewController.swift; sourceTree = "<group>"; };
		9F17FF75237E9E9100D4C2C0 /* Base */ = {isa = PBXFileReference; lastKnownFileType = file.storyboard; name = Base; path = Base.lproj/Main.storyboard; sourceTree = "<group>"; };
		9F17FF77237E9E9500D4C2C0 /* Assets.xcassets */ = {isa = PBXFileReference; lastKnownFileType = folder.assetcatalog; path = Assets.xcassets; sourceTree = "<group>"; };
		9F17FF7A237E9E9500D4C2C0 /* Base */ = {isa = PBXFileReference; lastKnownFileType = file.storyboard; name = Base; path = Base.lproj/LaunchScreen.storyboard; sourceTree = "<group>"; };
		9F17FF7C237E9E9500D4C2C0 /* Info.plist */ = {isa = PBXFileReference; lastKnownFileType = text.plist.xml; path = Info.plist; sourceTree = "<group>"; };
		9F17FF83237E9ED000D4C2C0 /* TagEditorCollectionViewCell.xib */ = {isa = PBXFileReference; fileEncoding = 4; lastKnownFileType = file.xib; path = TagEditorCollectionViewCell.xib; sourceTree = "<group>"; };
		9F17FF84237E9ED000D4C2C0 /* TaggerCollectionView.swift */ = {isa = PBXFileReference; fileEncoding = 4; lastKnownFileType = sourcecode.swift; path = TaggerCollectionView.swift; sourceTree = "<group>"; };
		9F17FF85237E9ED000D4C2C0 /* TagLayout.swift */ = {isa = PBXFileReference; fileEncoding = 4; lastKnownFileType = sourcecode.swift; path = TagLayout.swift; sourceTree = "<group>"; };
		9F17FF86237E9ED000D4C2C0 /* TagCollectionViewCell.swift */ = {isa = PBXFileReference; fileEncoding = 4; lastKnownFileType = sourcecode.swift; path = TagCollectionViewCell.swift; sourceTree = "<group>"; };
		9F17FF87237E9ED000D4C2C0 /* UIViewExtensions.swift */ = {isa = PBXFileReference; fileEncoding = 4; lastKnownFileType = sourcecode.swift; path = UIViewExtensions.swift; sourceTree = "<group>"; };
		9F17FF88237E9ED000D4C2C0 /* TaggerCollectionView.xib */ = {isa = PBXFileReference; fileEncoding = 4; lastKnownFileType = file.xib; path = TaggerCollectionView.xib; sourceTree = "<group>"; };
		9F17FF89237E9ED000D4C2C0 /* StringExtension.swift */ = {isa = PBXFileReference; fileEncoding = 4; lastKnownFileType = sourcecode.swift; path = StringExtension.swift; sourceTree = "<group>"; };
		9F17FF8A237E9ED000D4C2C0 /* TagCollectionViewCell.xib */ = {isa = PBXFileReference; fileEncoding = 4; lastKnownFileType = file.xib; path = TagCollectionViewCell.xib; sourceTree = "<group>"; };
		9F17FF8B237E9ED000D4C2C0 /* Tag.swift */ = {isa = PBXFileReference; fileEncoding = 4; lastKnownFileType = sourcecode.swift; path = Tag.swift; sourceTree = "<group>"; };
		9F17FF8C237E9ED000D4C2C0 /* TagEditorCollectionViewCell.swift */ = {isa = PBXFileReference; fileEncoding = 4; lastKnownFileType = sourcecode.swift; path = TagEditorCollectionViewCell.swift; sourceTree = "<group>"; };
		9F17FF8D237E9ED000D4C2C0 /* Constraints.swift */ = {isa = PBXFileReference; fileEncoding = 4; lastKnownFileType = sourcecode.swift; path = Constraints.swift; sourceTree = "<group>"; };
		9F17FF8E237E9ED000D4C2C0 /* user.png */ = {isa = PBXFileReference; lastKnownFileType = image.png; path = user.png; sourceTree = "<group>"; };
/* End PBXFileReference section */

/* Begin PBXFrameworksBuildPhase section */
		9F17FF68237E9E9100D4C2C0 /* Frameworks */ = {
			isa = PBXFrameworksBuildPhase;
			buildActionMask = 2147483647;
			files = (
			);
			runOnlyForDeploymentPostprocessing = 0;
		};
/* End PBXFrameworksBuildPhase section */

/* Begin PBXGroup section */
		9F17FF62237E9E9100D4C2C0 = {
			isa = PBXGroup;
			children = (
				9F17FF6D237E9E9100D4C2C0 /* Tag_Basic */,
				9F17FF6C237E9E9100D4C2C0 /* Products */,
			);
			sourceTree = "<group>";
		};
		9F17FF6C237E9E9100D4C2C0 /* Products */ = {
			isa = PBXGroup;
			children = (
				9F17FF6B237E9E9100D4C2C0 /* Tag_Basic.app */,
			);
			name = Products;
			sourceTree = "<group>";
		};
		9F17FF6D237E9E9100D4C2C0 /* Tag_Basic */ = {
			isa = PBXGroup;
			children = (
				9F17FF82237E9ED000D4C2C0 /* TaggerCollection */,
				9F17FF8E237E9ED000D4C2C0 /* user.png */,
				9F17FF6E237E9E9100D4C2C0 /* AppDelegate.swift */,
				9F17FF70237E9E9100D4C2C0 /* SceneDelegate.swift */,
				9F17FF72237E9E9100D4C2C0 /* ViewController.swift */,
				9F17FF74237E9E9100D4C2C0 /* Main.storyboard */,
				9F17FF77237E9E9500D4C2C0 /* Assets.xcassets */,
				9F17FF79237E9E9500D4C2C0 /* LaunchScreen.storyboard */,
				9F17FF7C237E9E9500D4C2C0 /* Info.plist */,
			);
			path = Tag_Basic;
			sourceTree = "<group>";
		};
		9F17FF82237E9ED000D4C2C0 /* TaggerCollection */ = {
			isa = PBXGroup;
			children = (
				9F17FF83237E9ED000D4C2C0 /* TagEditorCollectionViewCell.xib */,
				9F17FF84237E9ED000D4C2C0 /* TaggerCollectionView.swift */,
				9F17FF85237E9ED000D4C2C0 /* TagLayout.swift */,
				9F17FF86237E9ED000D4C2C0 /* TagCollectionViewCell.swift */,
				9F17FF87237E9ED000D4C2C0 /* UIViewExtensions.swift */,
				9F17FF88237E9ED000D4C2C0 /* TaggerCollectionView.xib */,
				9F17FF89237E9ED000D4C2C0 /* StringExtension.swift */,
				9F17FF8A237E9ED000D4C2C0 /* TagCollectionViewCell.xib */,
				9F17FF8B237E9ED000D4C2C0 /* Tag.swift */,
				9F17FF8C237E9ED000D4C2C0 /* TagEditorCollectionViewCell.swift */,
				9F17FF8D237E9ED000D4C2C0 /* Constraints.swift */,
			);
			path = TaggerCollection;
			sourceTree = "<group>";
		};
/* End PBXGroup section */

/* Begin PBXNativeTarget section */
		9F17FF6A237E9E9100D4C2C0 /* Tag_Basic */ = {
			isa = PBXNativeTarget;
			buildConfigurationList = 9F17FF7F237E9E9500D4C2C0 /* Build configuration list for PBXNativeTarget "Tag_Basic" */;
			buildPhases = (
				9F17FF67237E9E9100D4C2C0 /* Sources */,
				9F17FF68237E9E9100D4C2C0 /* Frameworks */,
				9F17FF69237E9E9100D4C2C0 /* Resources */,
			);
			buildRules = (
			);
			dependencies = (
			);
			name = Tag_Basic;
			productName = Tag_Basic;
			productReference = 9F17FF6B237E9E9100D4C2C0 /* Tag_Basic.app */;
			productType = "com.apple.product-type.application";
		};
/* End PBXNativeTarget section */

/* Begin PBXProject section */
		9F17FF63237E9E9100D4C2C0 /* Project object */ = {
			isa = PBXProject;
			attributes = {
				LastSwiftUpdateCheck = 1100;
				LastUpgradeCheck = 1100;
				ORGANIZATIONNAME = "Rathish Marthandan T";
				TargetAttributes = {
					9F17FF6A237E9E9100D4C2C0 = {
						CreatedOnToolsVersion = 11.0;
					};
				};
			};
			buildConfigurationList = 9F17FF66237E9E9100D4C2C0 /* Build configuration list for PBXProject "Tag_Basic" */;
			compatibilityVersion = "Xcode 9.3";
			developmentRegion = en;
			hasScannedForEncodings = 0;
			knownRegions = (
				en,
				Base,
			);
			mainGroup = 9F17FF62237E9E9100D4C2C0;
			productRefGroup = 9F17FF6C237E9E9100D4C2C0 /* Products */;
			projectDirPath = "";
			projectRoot = "";
			targets = (
				9F17FF6A237E9E9100D4C2C0 /* Tag_Basic */,
			);
		};
/* End PBXProject section */

/* Begin PBXResourcesBuildPhase section */
		9F17FF69237E9E9100D4C2C0 /* Resources */ = {
			isa = PBXResourcesBuildPhase;
			buildActionMask = 2147483647;
			files = (
				9F17FF7B237E9E9500D4C2C0 /* LaunchScreen.storyboard in Resources */,
				9F17FF78237E9E9500D4C2C0 /* Assets.xcassets in Resources */,
				9F17FF94237E9ED000D4C2C0 /* TaggerCollectionView.xib in Resources */,
				9F17FF96237E9ED000D4C2C0 /* TagCollectionViewCell.xib in Resources */,
				9F17FF9A237E9ED000D4C2C0 /* user.png in Resources */,
				9F17FF8F237E9ED000D4C2C0 /* TagEditorCollectionViewCell.xib in Resources */,
				9F17FF76237E9E9100D4C2C0 /* Main.storyboard in Resources */,
			);
			runOnlyForDeploymentPostprocessing = 0;
		};
/* End PBXResourcesBuildPhase section */

/* Begin PBXSourcesBuildPhase section */
		9F17FF67237E9E9100D4C2C0 /* Sources */ = {
			isa = PBXSourcesBuildPhase;
			buildActionMask = 2147483647;
			files = (
				9F17FF91237E9ED000D4C2C0 /* TagLayout.swift in Sources */,
				9F17FF93237E9ED000D4C2C0 /* UIViewExtensions.swift in Sources */,
				9F17FF73237E9E9100D4C2C0 /* ViewController.swift in Sources */,
				9F17FF6F237E9E9100D4C2C0 /* AppDelegate.swift in Sources */,
				9F17FF99237E9ED000D4C2C0 /* Constraints.swift in Sources */,
				9F17FF95237E9ED000D4C2C0 /* StringExtension.swift in Sources */,
				9F17FF92237E9ED000D4C2C0 /* TagCollectionViewCell.swift in Sources */,
				9F17FF98237E9ED000D4C2C0 /* TagEditorCollectionViewCell.swift in Sources */,
				9F17FF97237E9ED000D4C2C0 /* Tag.swift in Sources */,
				9F17FF90237E9ED000D4C2C0 /* TaggerCollectionView.swift in Sources */,
				9F17FF71237E9E9100D4C2C0 /* SceneDelegate.swift in Sources */,
			);
			runOnlyForDeploymentPostprocessing = 0;
		};
/* End PBXSourcesBuildPhase section */

/* Begin PBXVariantGroup section */
		9F17FF74237E9E9100D4C2C0 /* Main.storyboard */ = {
			isa = PBXVariantGroup;
			children = (
				9F17FF75237E9E9100D4C2C0 /* Base */,
			);
			name = Main.storyboard;
			sourceTree = "<group>";
		};
		9F17FF79237E9E9500D4C2C0 /* LaunchScreen.storyboard */ = {
			isa = PBXVariantGroup;
			children = (
				9F17FF7A237E9E9500D4C2C0 /* Base */,
			);
			name = LaunchScreen.storyboard;
			sourceTree = "<group>";
		};
/* End PBXVariantGroup section */

/* Begin XCBuildConfiguration section */
		9F17FF7D237E9E9500D4C2C0 /* Debug */ = {
			isa = XCBuildConfiguration;
			buildSettings = {
				ALWAYS_SEARCH_USER_PATHS = NO;
				CLANG_ANALYZER_NONNULL = YES;
				CLANG_ANALYZER_NUMBER_OBJECT_CONVERSION = YES_AGGRESSIVE;
				CLANG_CXX_LANGUAGE_STANDARD = "gnu++14";
				CLANG_CXX_LIBRARY = "libc++";
				CLANG_ENABLE_MODULES = YES;
				CLANG_ENABLE_OBJC_ARC = YES;
				CLANG_ENABLE_OBJC_WEAK = YES;
				CLANG_WARN_BLOCK_CAPTURE_AUTORELEASING = YES;
				CLANG_WARN_BOOL_CONVERSION = YES;
				CLANG_WARN_COMMA = YES;
				CLANG_WARN_CONSTANT_CONVERSION = YES;
				CLANG_WARN_DEPRECATED_OBJC_IMPLEMENTATIONS = YES;
				CLANG_WARN_DIRECT_OBJC_ISA_USAGE = YES_ERROR;
				CLANG_WARN_DOCUMENTATION_COMMENTS = YES;
				CLANG_WARN_EMPTY_BODY = YES;
				CLANG_WARN_ENUM_CONVERSION = YES;
				CLANG_WARN_INFINITE_RECURSION = YES;
				CLANG_WARN_INT_CONVERSION = YES;
				CLANG_WARN_NON_LITERAL_NULL_CONVERSION = YES;
				CLANG_WARN_OBJC_IMPLICIT_RETAIN_SELF = YES;
				CLANG_WARN_OBJC_LITERAL_CONVERSION = YES;
				CLANG_WARN_OBJC_ROOT_CLASS = YES_ERROR;
				CLANG_WARN_RANGE_LOOP_ANALYSIS = YES;
				CLANG_WARN_STRICT_PROTOTYPES = YES;
				CLANG_WARN_SUSPICIOUS_MOVE = YES;
				CLANG_WARN_UNGUARDED_AVAILABILITY = YES_AGGRESSIVE;
				CLANG_WARN_UNREACHABLE_CODE = YES;
				CLANG_WARN__DUPLICATE_METHOD_MATCH = YES;
				COPY_PHASE_STRIP = NO;
				DEBUG_INFORMATION_FORMAT = dwarf;
				ENABLE_STRICT_OBJC_MSGSEND = YES;
				ENABLE_TESTABILITY = YES;
				GCC_C_LANGUAGE_STANDARD = gnu11;
				GCC_DYNAMIC_NO_PIC = NO;
				GCC_NO_COMMON_BLOCKS = YES;
				GCC_OPTIMIZATION_LEVEL = 0;
				GCC_PREPROCESSOR_DEFINITIONS = (
					"DEBUG=1",
					"$(inherited)",
				);
				GCC_WARN_64_TO_32_BIT_CONVERSION = YES;
				GCC_WARN_ABOUT_RETURN_TYPE = YES_ERROR;
				GCC_WARN_UNDECLARED_SELECTOR = YES;
				GCC_WARN_UNINITIALIZED_AUTOS = YES_AGGRESSIVE;
				GCC_WARN_UNUSED_FUNCTION = YES;
				GCC_WARN_UNUSED_VARIABLE = YES;
				IPHONEOS_DEPLOYMENT_TARGET = 13.0;
				MTL_ENABLE_DEBUG_INFO = INCLUDE_SOURCE;
				MTL_FAST_MATH = YES;
				ONLY_ACTIVE_ARCH = YES;
				SDKROOT = iphoneos;
				SWIFT_ACTIVE_COMPILATION_CONDITIONS = DEBUG;
				SWIFT_OPTIMIZATION_LEVEL = "-Onone";
			};
			name = Debug;
		};
		9F17FF7E237E9E9500D4C2C0 /* Release */ = {
			isa = XCBuildConfiguration;
			buildSettings = {
				ALWAYS_SEARCH_USER_PATHS = NO;
				CLANG_ANALYZER_NONNULL = YES;
				CLANG_ANALYZER_NUMBER_OBJECT_CONVERSION = YES_AGGRESSIVE;
				CLANG_CXX_LANGUAGE_STANDARD = "gnu++14";
				CLANG_CXX_LIBRARY = "libc++";
				CLANG_ENABLE_MODULES = YES;
				CLANG_ENABLE_OBJC_ARC = YES;
				CLANG_ENABLE_OBJC_WEAK = YES;
				CLANG_WARN_BLOCK_CAPTURE_AUTORELEASING = YES;
				CLANG_WARN_BOOL_CONVERSION = YES;
				CLANG_WARN_COMMA = YES;
				CLANG_WARN_CONSTANT_CONVERSION = YES;
				CLANG_WARN_DEPRECATED_OBJC_IMPLEMENTATIONS = YES;
				CLANG_WARN_DIRECT_OBJC_ISA_USAGE = YES_ERROR;
				CLANG_WARN_DOCUMENTATION_COMMENTS = YES;
				CLANG_WARN_EMPTY_BODY = YES;
				CLANG_WARN_ENUM_CONVERSION = YES;
				CLANG_WARN_INFINITE_RECURSION = YES;
				CLANG_WARN_INT_CONVERSION = YES;
				CLANG_WARN_NON_LITERAL_NULL_CONVERSION = YES;
				CLANG_WARN_OBJC_IMPLICIT_RETAIN_SELF = YES;
				CLANG_WARN_OBJC_LITERAL_CONVERSION = YES;
				CLANG_WARN_OBJC_ROOT_CLASS = YES_ERROR;
				CLANG_WARN_RANGE_LOOP_ANALYSIS = YES;
				CLANG_WARN_STRICT_PROTOTYPES = YES;
				CLANG_WARN_SUSPICIOUS_MOVE = YES;
				CLANG_WARN_UNGUARDED_AVAILABILITY = YES_AGGRESSIVE;
				CLANG_WARN_UNREACHABLE_CODE = YES;
				CLANG_WARN__DUPLICATE_METHOD_MATCH = YES;
				COPY_PHASE_STRIP = NO;
				DEBUG_INFORMATION_FORMAT = "dwarf-with-dsym";
				ENABLE_NS_ASSERTIONS = NO;
				ENABLE_STRICT_OBJC_MSGSEND = YES;
				GCC_C_LANGUAGE_STANDARD = gnu11;
				GCC_NO_COMMON_BLOCKS = YES;
				GCC_WARN_64_TO_32_BIT_CONVERSION = YES;
				GCC_WARN_ABOUT_RETURN_TYPE = YES_ERROR;
				GCC_WARN_UNDECLARED_SELECTOR = YES;
				GCC_WARN_UNINITIALIZED_AUTOS = YES_AGGRESSIVE;
				GCC_WARN_UNUSED_FUNCTION = YES;
				GCC_WARN_UNUSED_VARIABLE = YES;
				IPHONEOS_DEPLOYMENT_TARGET = 13.0;
				MTL_ENABLE_DEBUG_INFO = NO;
				MTL_FAST_MATH = YES;
				SDKROOT = iphoneos;
				SWIFT_COMPILATION_MODE = wholemodule;
				SWIFT_OPTIMIZATION_LEVEL = "-O";
				VALIDATE_PRODUCT = YES;
			};
			name = Release;
		};
		9F17FF80237E9E9500D4C2C0 /* Debug */ = {
			isa = XCBuildConfiguration;
			buildSettings = {
				ASSETCATALOG_COMPILER_APPICON_NAME = AppIcon;
				CODE_SIGN_STYLE = Automatic;
				INFOPLIST_FILE = Tag_Basic/Info.plist;
				LD_RUNPATH_SEARCH_PATHS = (
					"$(inherited)",
					"@executable_path/Frameworks",
				);
				PRODUCT_BUNDLE_IDENTIFIER = "com.rathish.Tag-Basic";
				PRODUCT_NAME = "$(TARGET_NAME)";
				SWIFT_VERSION = 5.0;
				TARGETED_DEVICE_FAMILY = "1,2";
			};
			name = Debug;
		};
		9F17FF81237E9E9500D4C2C0 /* Release */ = {
			isa = XCBuildConfiguration;
			buildSettings = {
				ASSETCATALOG_COMPILER_APPICON_NAME = AppIcon;
				CODE_SIGN_STYLE = Automatic;
				INFOPLIST_FILE = Tag_Basic/Info.plist;
				LD_RUNPATH_SEARCH_PATHS = (
					"$(inherited)",
					"@executable_path/Frameworks",
				);
				PRODUCT_BUNDLE_IDENTIFIER = "com.rathish.Tag-Basic";
				PRODUCT_NAME = "$(TARGET_NAME)";
				SWIFT_VERSION = 5.0;
				TARGETED_DEVICE_FAMILY = "1,2";
			};
			name = Release;
		};
/* End XCBuildConfiguration section */

/* Begin XCConfigurationList section */
		9F17FF66237E9E9100D4C2C0 /* Build configuration list for PBXProject "Tag_Basic" */ = {
			isa = XCConfigurationList;
			buildConfigurations = (
				9F17FF7D237E9E9500D4C2C0 /* Debug */,
				9F17FF7E237E9E9500D4C2C0 /* Release */,
			);
			defaultConfigurationIsVisible = 0;
			defaultConfigurationName = Release;
		};
		9F17FF7F237E9E9500D4C2C0 /* Build configuration list for PBXNativeTarget "Tag_Basic" */ = {
			isa = XCConfigurationList;
			buildConfigurations = (
				9F17FF80237E9E9500D4C2C0 /* Debug */,
				9F17FF81237E9E9500D4C2C0 /* Release */,
			);
			defaultConfigurationIsVisible = 0;
			defaultConfigurationName = Release;
		};
/* End XCConfigurationList section */
	};
	rootObject = 9F17FF63237E9E9100D4C2C0 /* Project object */;
}
